PATH
  remote: ../..
  specs:
    docspace-api-sdk (3.7.0)
      typhoeus (~> 1.0, >= 1.0.1)

GEM
  remote: https://rubygems.org/
  specs:
    ethon (0.18.0)
      ffi (>= 1.15.0)
      logger
    ffi (1.17.4-x64-mingw-ucrt)
    logger (1.7.0)
    typhoeus (1.6.0)
      ethon (>= 0.18.0)

PLATFORMS
  x64-mingw-ucrt

DEPENDENCIES
  docspace-api-sdk!

BUNDLED WITH
   2.6.9
